
Microsoft Visual Studio Solution File, Format Version 12.00
# Visual Studio Version 16
VisualStudioVersion = 16.0.29025.244
MinimumVisualStudioVersion = 10.0.40219.1
Project("{FAE04EC0-301F-11D3-BF4B-00C04F79EFBC}") = "Crud Project", "Crud Project\Crud Project.csproj", "{7C69BF29-8CBC-4C5C-8B4A-AD31287DE706}"
EndProject
Global
	GlobalSection(SolutionConfigurationPlatforms) = preSolution
		Debug|Any CPU = Debug|Any CPU
		Release|Any CPU = Release|Any CPU
	EndGlobalSection
	GlobalSection(ProjectConfigurationPlatforms) = postSolution
		{7C69BF29-8CBC-4C5C-8B4A-AD31287DE706}.Debug|Any CPU.ActiveCfg = Debug|Any CPU
		{7C69BF29-8CBC-4C5C-8B4A-AD31287DE706}.Debug|Any CPU.Build.0 = Debug|Any CPU
		{7C69BF29-8CBC-4C5C-8B4A-AD31287DE706}.Release|Any CPU.ActiveCfg = Release|Any CPU
		{7C69BF29-8CBC-4C5C-8B4A-AD31287DE706}.Release|Any CPU.Build.0 = Release|Any CPU
	EndGlobalSection
	GlobalSection(SolutionProperties) = preSolution
		HideSolutionNode = FALSE
	EndGlobalSection
	GlobalSection(ExtensibilityGlobals) = postSolution
		SolutionGuid = {790BD2C7-37E6-4EED-9798-544F737C8959}
	EndGlobalSection
EndGlobal
